// !$*UTF8*$!
{
	archiveVersion = 1;
	classes = {
	};
	objectVersion = 46;
	objects = {

/* Begin PBXBuildFile section */
		CDFA4CF91D19A3D200150D6C /* main.m in Sources */ = {isa = PBXBuildFile; fileRef = CDFA4CF81D19A3D200150D6C /* main.m */; };
		CDFA4CFC1D19A3D200150D6C /* AppDelegate.m in Sources */ = {isa = PBXBuildFile; fileRef = CDFA4CFB1D19A3D200150D6C /* AppDelegate.m */; };
		CDFA4CFF1D19A3D200150D6C /* ViewController.m in Sources */ = {isa = PBXBuildFile; fileRef = CDFA4CFE1D19A3D200150D6C /* ViewController.m */; };
		CDFA4D021D19A3D200150D6C /* Main.storyboard in Resources */ = {isa = PBXBuildFile; fileRef = CDFA4D001D19A3D200150D6C /* Main.storyboard */; };
		CDFA4D041D19A3D200150D6C /* Assets.xcassets in Resources */ = {isa = PBXBuildFile; fileRef = CDFA4D031D19A3D200150D6C /* Assets.xcassets */; };
		CDFA4D071D19A3D200150D6C /* LaunchScreen.storyboard in Resources */ = {isa = PBXBuildFile; fileRef = CDFA4D051D19A3D200150D6C /* LaunchScreen.storyboard */; };
/* End PBXBuildFile section */

/* Begin PBXFileReference section */
		CDFA4CF41D19A3D200150D6C /* GoogleMapsDemo.app */ = {isa = PBXFileReference; explicitFileType = wrapper.application; includeInIndex = 0; path = GoogleMapsDemo.app; sourceTree = BUILT_PRODUCTS_DIR; };
		CDFA4CF81D19A3D200150D6C /* main.m */ = {isa = PBXFileReference; lastKnownFileType = sourcecode.c.objc; path = main.m; sourceTree = "<group>"; };
		CDFA4CFA1D19A3D200150D6C /* AppDelegate.h */ = {isa = PBXFileReference; lastKnownFileType = sourcecode.c.h; path = AppDelegate.h; sourceTree = "<group>"; };
		CDFA4CFB1D19A3D200150D6C /* AppDelegate.m */ = {isa = PBXFileReference; lastKnownFileType = sourcecode.c.objc; path = AppDelegate.m; sourceTree = "<group>"; };
		CDFA4CFD1D19A3D200150D6C /* ViewController.h */ = {isa = PBXFileReference; lastKnownFileType = sourcecode.c.h; path = ViewController.h; sourceTree = "<group>"; };
		CDFA4CFE1D19A3D200150D6C /* ViewController.m */ = {isa = PBXFileReference; lastKnownFileType = sourcecode.c.objc; path = ViewController.m; sourceTree = "<group>"; };
		CDFA4D011D19A3D200150D6C /* Base */ = {isa = PBXFileReference; lastKnownFileType = file.storyboard; name = Base; path = Base.lproj/Main.storyboard; sourceTree = "<group>"; };
		CDFA4D031D19A3D200150D6C /* Assets.xcassets */ = {isa = PBXFileReference; lastKnownFileType = folder.assetcatalog; path = Assets.xcassets; sourceTree = "<group>"; };
		CDFA4D061D19A3D200150D6C /* Base */ = {isa = PBXFileReference; lastKnownFileType = file.storyboard; name = Base; path = Base.lproj/LaunchScreen.storyboard; sourceTree = "<group>"; };
		CDFA4D081D19A3D200150D6C /* Info.plist */ = {isa = PBXFileReference; lastKnownFileType = text.plist.xml; path = Info.plist; sourceTree = "<group>"; };
/* End PBXFileReference section */

/* Begin PBXFrameworksBuildPhase section */
		CDFA4CF11D19A3D200150D6C /* Frameworks */ = {
			isa = PBXFrameworksBuildPhase;
			buildActionMask = 2147483647;
			files = (
			);
			runOnlyForDeploymentPostprocessing = 0;
		};
/* End PBXFrameworksBuildPhase section */

/* Begin PBXGroup section */
		CDFA4CEB1D19A3D200150D6C = {
			isa = PBXGroup;
			children = (
				CDFA4CF61D19A3D200150D6C /* GoogleMapsDemo */,
				CDFA4CF51D19A3D200150D6C /* Products */,
			);
			sourceTree = "<group>";
		};
		CDFA4CF51D19A3D200150D6C /* Products */ = {
			isa = PBXGroup;
			children = (
				CDFA4CF41D19A3D200150D6C /* GoogleMapsDemo.app */,
			);
			name = Products;
			sourceTree = "<group>";
		};
		CDFA4CF61D19A3D200150D6C /* GoogleMapsDemo */ = {
			isa = PBXGroup;
			children = (
				CDFA4CFA1D19A3D200150D6C /* AppDelegate.h */,
				CDFA4CFB1D19A3D200150D6C /* AppDelegate.m */,
				CDFA4CFD1D19A3D200150D6C /* ViewController.h */,
				CDFA4CFE1D19A3D200150D6C /* ViewController.m */,
				CDFA4D001D19A3D200150D6C /* Main.storyboard */,
				CDFA4D031D19A3D200150D6C /* Assets.xcassets */,
				CDFA4D051D19A3D200150D6C /* LaunchScreen.storyboard */,
				CDFA4D081D19A3D200150D6C /* Info.plist */,
				CDFA4CF71D19A3D200150D6C /* Supporting Files */,
			);
			path = GoogleMapsDemo;
			sourceTree = "<group>";
		};
		CDFA4CF71D19A3D200150D6C /* Supporting Files */ = {
			isa = PBXGroup;
			children = (
				CDFA4CF81D19A3D200150D6C /* main.m */,
			);
			name = "Supporting Files";
			sourceTree = "<group>";
		};
/* End PBXGroup section */

/* Begin PBXNativeTarget section */
		CDFA4CF31D19A3D200150D6C /* GoogleMapsDemo */ = {
			isa = PBXNativeTarget;
			buildConfigurationList = CDFA4D0B1D19A3D200150D6C /* Build configuration list for PBXNativeTarget "GoogleMapsDemo" */;
			buildPhases = (
				CDFA4CF01D19A3D200150D6C /* Sources */,
				CDFA4CF11D19A3D200150D6C /* Frameworks */,
				CDFA4CF21D19A3D200150D6C /* Resources */,
			);
			buildRules = (
			);
			dependencies = (
			);
			name = GoogleMapsDemo;
			productName = GoogleMapsDemo;
			productReference = CDFA4CF41D19A3D200150D6C /* GoogleMapsDemo.app */;
			productType = "com.apple.product-type.application";
		};
/* End PBXNativeTarget section */

/* Begin PBXProject section */
		CDFA4CEC1D19A3D200150D6C /* Project object */ = {
			isa = PBXProject;
			attributes = {
				LastUpgradeCheck = 0730;
				ORGANIZATIONNAME = TurnToTech;
				TargetAttributes = {
					CDFA4CF31D19A3D200150D6C = {
						CreatedOnToolsVersion = 7.3.1;
					};
				};
			};
			buildConfigurationList = CDFA4CEF1D19A3D200150D6C /* Build configuration list for PBXProject "GoogleMapsDemo" */;
			compatibilityVersion = "Xcode 3.2";
			developmentRegion = English;
			hasScannedForEncodings = 0;
			knownRegions = (
				en,
				Base,
			);
			mainGroup = CDFA4CEB1D19A3D200150D6C;
			productRefGroup = CDFA4CF51D19A3D200150D6C /* Products */;
			projectDirPath = "";
			projectRoot = "";
			targets = (
				CDFA4CF31D19A3D200150D6C /* GoogleMapsDemo */,
			);
		};
/* End PBXProject section */

/* Begin PBXResourcesBuildPhase section */
		CDFA4CF21D19A3D200150D6C /* Resources */ = {
			isa = PBXResourcesBuildPhase;
			buildActionMask = 2147483647;
			files = (
				CDFA4D071D19A3D200150D6C /* LaunchScreen.storyboard in Resources */,
				CDFA4D041D19A3D200150D6C /* Assets.xcassets in Resources */,
				CDFA4D021D19A3D200150D6C /* Main.storyboard in Resources */,
			);
			runOnlyForDeploymentPostprocessing = 0;
		};
/* End PBXResourcesBuildPhase section */

/* Begin PBXSourcesBuildPhase section */
		CDFA4CF01D19A3D200150D6C /* Sources */ = {
			isa = PBXSourcesBuildPhase;
			buildActionMask = 2147483647;
			files = (
				CDFA4CFF1D19A3D200150D6C /* ViewController.m in Sources */,
				CDFA4CFC1D19A3D200150D6C /* AppDelegate.m in Sources */,
				CDFA4CF91D19A3D200150D6C /* main.m in Sources */,
			);
			runOnlyForDeploymentPostprocessing = 0;
		};
/* End PBXSourcesBuildPhase section */

/* Begin PBXVariantGroup section */
		CDFA4D001D19A3D200150D6C /* Main.storyboard */ = {
			isa = PBXVariantGroup;
			children = (
				CDFA4D011D19A3D200150D6C /* Base */,
			);
			name = Main.storyboard;
			sourceTree = "<group>";
		};
		CDFA4D051D19A3D200150D6C /* LaunchScreen.storyboard */ = {
			isa = PBXVariantGroup;
			children = (
				CDFA4D061D19A3D200150D6C /* Base */,
			);
			name = LaunchScreen.storyboard;
			sourceTree = "<group>";
		};
/* End PBXVariantGroup section */

/* Begin XCBuildConfiguration section */
		CDFA4D091D19A3D200150D6C /* Debug */ = {
			isa = XCBuildConfiguration;
			buildSettings = {
				ALWAYS_SEARCH_USER_PATHS = NO;
				CLANG_ANALYZER_NONNULL = YES;
				CLANG_CXX_LANGUAGE_STANDARD = "gnu++0x";
				CLANG_CXX_LIBRARY = "libc++";
				CLANG_ENABLE_MODULES = YES;
				CLANG_ENABLE_OBJC_ARC = YES;
				CLANG_WARN_BOOL_CONVERSION = YES;
				CLANG_WARN_CONSTANT_CONVERSION = YES;
				CLANG_WARN_DIRECT_OBJC_ISA_USAGE = YES_ERROR;
				CLANG_WARN_EMPTY_BODY = YES;
				CLANG_WARN_ENUM_CONVERSION = YES;
				CLANG_WARN_INT_CONVERSION = YES;
				CLANG_WARN_OBJC_ROOT_CLASS = YES_ERROR;
				CLANG_WARN_UNREACHABLE_CODE = YES;
				CLANG_WARN__DUPLICATE_METHOD_MATCH = YES;
				"CODE_SIGN_IDENTITY[sdk=iphoneos*]" = "iPhone Developer";
				COPY_PHASE_STRIP = NO;
				DEBUG_INFORMATION_FORMAT = dwarf;
				ENABLE_STRICT_OBJC_MSGSEND = YES;
				ENABLE_TESTABILITY = YES;
				GCC_C_LANGUAGE_STANDARD = gnu99;
				GCC_DYNAMIC_NO_PIC = NO;
				GCC_NO_COMMON_BLOCKS = YES;
				GCC_OPTIMIZATION_LEVEL = 0;
				GCC_PREPROCESSOR_DEFINITIONS = (
					"DEBUG=1",
					"$(inherited)",
				);
				GCC_WARN_64_TO_32_BIT_CONVERSION = YES;
				GCC_WARN_ABOUT_RETURN_TYPE = YES_ERROR;
				GCC_WARN_UNDECLARED_SELECTOR = YES;
				GCC_WARN_UNINITIALIZED_AUTOS = YES_AGGRESSIVE;
				GCC_WARN_UNUSED_FUNCTION = YES;
				GCC_WARN_UNUSED_VARIABLE = YES;
				IPHONEOS_DEPLOYMENT_TARGET = 9.3;
				MTL_ENABLE_DEBUG_INFO = YES;
				ONLY_ACTIVE_ARCH = YES;
				SDKROOT = iphoneos;
				TARGETED_DEVICE_FAMILY = "1,2";
			};
			name = Debug;
		};
		CDFA4D0A1D19A3D200150D6C /* Release */ = {
			isa = XCBuildConfiguration;
			buildSettings = {
				ALWAYS_SEARCH_USER_PATHS = NO;
				CLANG_ANALYZER_NONNULL = YES;
				CLANG_CXX_LANGUAGE_STANDARD = "gnu++0x";
				CLANG_CXX_LIBRARY = "libc++";
				CLANG_ENABLE_MODULES = YES;
				CLANG_ENABLE_OBJC_ARC = YES;
				CLANG_WARN_BOOL_CONVERSION = YES;
				CLANG_WARN_CONSTANT_CONVERSION = YES;
				CLANG_WARN_DIRECT_OBJC_ISA_USAGE = YES_ERROR;
				CLANG_WARN_EMPTY_BODY = YES;
				CLANG_WARN_ENUM_CONVERSION = YES;
				CLANG_WARN_INT_CONVERSION = YES;
				CLANG_WARN_OBJC_ROOT_CLASS = YES_ERROR;
				CLANG_WARN_UNREACHABLE_CODE = YES;
				CLANG_WARN__DUPLICATE_METHOD_MATCH = YES;
				"CODE_SIGN_IDENTITY[sdk=iphoneos*]" = "iPhone Developer";
				COPY_PHASE_STRIP = NO;
				DEBUG_INFORMATION_FORMAT = "dwarf-with-dsym";
				ENABLE_NS_ASSERTIONS = NO;
				ENABLE_STRICT_OBJC_MSGSEND = YES;
				GCC_C_LANGUAGE_STANDARD = gnu99;
				GCC_NO_COMMON_BLOCKS = YES;
				GCC_WARN_64_TO_32_BIT_CONVERSION = YES;
				GCC_WARN_ABOUT_RETURN_TYPE = YES_ERROR;
				GCC_WARN_UNDECLARED_SELECTOR = YES;
				GCC_WARN_UNINITIALIZED_AUTOS = YES_AGGRESSIVE;
				GCC_WARN_UNUSED_FUNCTION = YES;
				GCC_WARN_UNUSED_VARIABLE = YES;
				IPHONEOS_DEPLOYMENT_TARGET = 9.3;
				MTL_ENABLE_DEBUG_INFO = NO;
				SDKROOT = iphoneos;
				TARGETED_DEVICE_FAMILY = "1,2";
				VALIDATE_PRODUCT = YES;
			};
			name = Release;
		};
		CDFA4D0C1D19A3D200150D6C /* Debug */ = {
			isa = XCBuildConfiguration;
			buildSettings = {
				ASSETCATALOG_COMPILER_APPICON_NAME = AppIcon;
				INFOPLIST_FILE = GoogleMapsDemo/Info.plist;
				LD_RUNPATH_SEARCH_PATHS = "$(inherited) @executable_path/Frameworks";
				PRODUCT_BUNDLE_IDENTIFIER = io.turntotech.GoogleMapsDemo;
				PRODUCT_NAME = "$(TARGET_NAME)";
			};
			name = Debug;
		};
		CDFA4D0D1D19A3D200150D6C /* Release */ = {
			isa = XCBuildConfiguration;
			buildSettings = {
				ASSETCATALOG_COMPILER_APPICON_NAME = AppIcon;
				INFOPLIST_FILE = GoogleMapsDemo/Info.plist;
				LD_RUNPATH_SEARCH_PATHS = "$(inherited) @executable_path/Frameworks";
				PRODUCT_BUNDLE_IDENTIFIER = io.turntotech.GoogleMapsDemo;
				PRODUCT_NAME = "$(TARGET_NAME)";
			};
			name = Release;
		};
/* End XCBuildConfiguration section */

/* Begin XCConfigurationList section */
		CDFA4CEF1D19A3D200150D6C /* Build configuration list for PBXProject "GoogleMapsDemo" */ = {
			isa = XCConfigurationList;
			buildConfigurations = (
				CDFA4D091D19A3D200150D6C /* Debug */,
				CDFA4D0A1D19A3D200150D6C /* Release */,
			);
			defaultConfigurationIsVisible = 0;
			defaultConfigurationName = Release;
		};
		CDFA4D0B1D19A3D200150D6C /* Build configuration list for PBXNativeTarget "GoogleMapsDemo" */ = {
			isa = XCConfigurationList;
			buildConfigurations = (
				CDFA4D0C1D19A3D200150D6C /* Debug */,
				CDFA4D0D1D19A3D200150D6C /* Release */,
			);
			defaultConfigurationIsVisible = 0;
		};
/* End XCConfigurationList section */
	};
	rootObject = CDFA4CEC1D19A3D200150D6C /* Project object */;
}
